
Microsoft Visual Studio Solution File, Format Version 12.00
# Visual Studio Version 17
VisualStudioVersion = 17.8.34408.163
MinimumVisualStudioVersion = 10.0.40219.1
Project("{9A19103F-16F7-4668-BE54-9A1E7A4F7556}") = "HW02_01", "HW02_01\HW02_01.csproj", "{90A0CCCF-5ACF-427A-9FA1-EF8AC33C580B}"
EndProject
Project("{9A19103F-16F7-4668-BE54-9A1E7A4F7556}") = "HW02_07", "HW02_07\HW02_07.csproj", "{85CA23FA-A514-4F8F-8B8B-71F21701D65F}"
EndProject
Project("{9A19103F-16F7-4668-BE54-9A1E7A4F7556}") = "HW02_02", "HW02_02\HW02_02.csproj", "{23F532DB-8743-43DB-AC7D-3BD632A5BBF3}"
EndProject
Project("{9A19103F-16F7-4668-BE54-9A1E7A4F7556}") = "HW02_03", "HW02_03\HW02_03.csproj", "{3D694C60-0C64-45CF-A40D-7298E354F007}"
EndProject
Project("{FAE04EC0-301F-11D3-BF4B-00C04F79EFBC}") = "HW02_04", "HW02_04\HW02_04.csproj", "{658C548B-123F-4022-8B90-87CC768CA52D}"
EndProject
Project("{FAE04EC0-301F-11D3-BF4B-00C04F79EFBC}") = "HW02_05", "HW02_05\HW02_05.csproj", "{4BC02CFD-473A-4C58-8A34-C9523ADCBC0D}"
EndProject
Project("{FAE04EC0-301F-11D3-BF4B-00C04F79EFBC}") = "HW02_06", "HW02_06\HW02_06.csproj", "{DE96775C-212A-4EAC-ABB0-D1EAE7DFDDF3}"
EndProject
Project("{FAE04EC0-301F-11D3-BF4B-00C04F79EFBC}") = "HW02_08", "HW02_08\HW02_08.csproj", "{DCE7226C-AD6A-4B07-B813-BE8CCBEB77A1}"
EndProject
Project("{FAE04EC0-301F-11D3-BF4B-00C04F79EFBC}") = "HW02_09", "HW02_09\HW02_09.csproj", "{A7F68424-BE36-4A37-9384-5831D3F22BCD}"
EndProject
Project("{FAE04EC0-301F-11D3-BF4B-00C04F79EFBC}") = "HW02_10", "HW02_10\HW02_10.csproj", "{7A861AAE-7F38-4A51-88C8-0ABF8433238E}"
EndProject
Global
	GlobalSection(SolutionConfigurationPlatforms) = preSolution
		Debug|Any CPU = Debug|Any CPU
		Release|Any CPU = Release|Any CPU
	EndGlobalSection
	GlobalSection(ProjectConfigurationPlatforms) = postSolution
		{90A0CCCF-5ACF-427A-9FA1-EF8AC33C580B}.Debug|Any CPU.ActiveCfg = Debug|Any CPU
		{90A0CCCF-5ACF-427A-9FA1-EF8AC33C580B}.Debug|Any CPU.Build.0 = Debug|Any CPU
		{90A0CCCF-5ACF-427A-9FA1-EF8AC33C580B}.Release|Any CPU.ActiveCfg = Release|Any CPU
		{90A0CCCF-5ACF-427A-9FA1-EF8AC33C580B}.Release|Any CPU.Build.0 = Release|Any CPU
		{85CA23FA-A514-4F8F-8B8B-71F21701D65F}.Debug|Any CPU.ActiveCfg = Debug|Any CPU
		{85CA23FA-A514-4F8F-8B8B-71F21701D65F}.Debug|Any CPU.Build.0 = Debug|Any CPU
		{85CA23FA-A514-4F8F-8B8B-71F21701D65F}.Release|Any CPU.ActiveCfg = Release|Any CPU
		{85CA23FA-A514-4F8F-8B8B-71F21701D65F}.Release|Any CPU.Build.0 = Release|Any CPU
		{23F532DB-8743-43DB-AC7D-3BD632A5BBF3}.Debug|Any CPU.ActiveCfg = Debug|Any CPU
		{23F532DB-8743-43DB-AC7D-3BD632A5BBF3}.Debug|Any CPU.Build.0 = Debug|Any CPU
		{23F532DB-8743-43DB-AC7D-3BD632A5BBF3}.Release|Any CPU.ActiveCfg = Release|Any CPU
		{23F532DB-8743-43DB-AC7D-3BD632A5BBF3}.Release|Any CPU.Build.0 = Release|Any CPU
		{3D694C60-0C64-45CF-A40D-7298E354F007}.Debug|Any CPU.ActiveCfg = Debug|Any CPU
		{3D694C60-0C64-45CF-A40D-7298E354F007}.Debug|Any CPU.Build.0 = Debug|Any CPU
		{3D694C60-0C64-45CF-A40D-7298E354F007}.Release|Any CPU.ActiveCfg = Release|Any CPU
		{3D694C60-0C64-45CF-A40D-7298E354F007}.Release|Any CPU.Build.0 = Release|Any CPU
		{658C548B-123F-4022-8B90-87CC768CA52D}.Debug|Any CPU.ActiveCfg = Debug|Any CPU
		{658C548B-123F-4022-8B90-87CC768CA52D}.Debug|Any CPU.Build.0 = Debug|Any CPU
		{658C548B-123F-4022-8B90-87CC768CA52D}.Release|Any CPU.ActiveCfg = Release|Any CPU
		{658C548B-123F-4022-8B90-87CC768CA52D}.Release|Any CPU.Build.0 = Release|Any CPU
		{4BC02CFD-473A-4C58-8A34-C9523ADCBC0D}.Debug|Any CPU.ActiveCfg = Debug|Any CPU
		{4BC02CFD-473A-4C58-8A34-C9523ADCBC0D}.Debug|Any CPU.Build.0 = Debug|Any CPU
		{4BC02CFD-473A-4C58-8A34-C9523ADCBC0D}.Release|Any CPU.ActiveCfg = Release|Any CPU
		{4BC02CFD-473A-4C58-8A34-C9523ADCBC0D}.Release|Any CPU.Build.0 = Release|Any CPU
		{DE96775C-212A-4EAC-ABB0-D1EAE7DFDDF3}.Debug|Any CPU.ActiveCfg = Debug|Any CPU
		{DE96775C-212A-4EAC-ABB0-D1EAE7DFDDF3}.Debug|Any CPU.Build.0 = Debug|Any CPU
		{DE96775C-212A-4EAC-ABB0-D1EAE7DFDDF3}.Release|Any CPU.ActiveCfg = Release|Any CPU
		{DE96775C-212A-4EAC-ABB0-D1EAE7DFDDF3}.Release|Any CPU.Build.0 = Release|Any CPU
		{DCE7226C-AD6A-4B07-B813-BE8CCBEB77A1}.Debug|Any CPU.ActiveCfg = Debug|Any CPU
		{DCE7226C-AD6A-4B07-B813-BE8CCBEB77A1}.Debug|Any CPU.Build.0 = Debug|Any CPU
		{DCE7226C-AD6A-4B07-B813-BE8CCBEB77A1}.Release|Any CPU.ActiveCfg = Release|Any CPU
		{DCE7226C-AD6A-4B07-B813-BE8CCBEB77A1}.Release|Any CPU.Build.0 = Release|Any CPU
		{A7F68424-BE36-4A37-9384-5831D3F22BCD}.Debug|Any CPU.ActiveCfg = Debug|Any CPU
		{A7F68424-BE36-4A37-9384-5831D3F22BCD}.Debug|Any CPU.Build.0 = Debug|Any CPU
		{A7F68424-BE36-4A37-9384-5831D3F22BCD}.Release|Any CPU.ActiveCfg = Release|Any CPU
		{A7F68424-BE36-4A37-9384-5831D3F22BCD}.Release|Any CPU.Build.0 = Release|Any CPU
		{7A861AAE-7F38-4A51-88C8-0ABF8433238E}.Debug|Any CPU.ActiveCfg = Debug|Any CPU
		{7A861AAE-7F38-4A51-88C8-0ABF8433238E}.Debug|Any CPU.Build.0 = Debug|Any CPU
		{7A861AAE-7F38-4A51-88C8-0ABF8433238E}.Release|Any CPU.ActiveCfg = Release|Any CPU
		{7A861AAE-7F38-4A51-88C8-0ABF8433238E}.Release|Any CPU.Build.0 = Release|Any CPU
	EndGlobalSection
	GlobalSection(SolutionProperties) = preSolution
		HideSolutionNode = FALSE
	EndGlobalSection
	GlobalSection(ExtensibilityGlobals) = postSolution
		SolutionGuid = {11BC424B-EBD2-4D65-A8FC-5980884C20F0}
	EndGlobalSection
EndGlobal
