
Microsoft Visual Studio Solution File, Format Version 12.00
# Visual Studio Version 17
VisualStudioVersion = 17.8.34408.163
MinimumVisualStudioVersion = 10.0.40219.1
Project("{FAE04EC0-301F-11D3-BF4B-00C04F79EFBC}") = "HW01_03", "HW01_03\HW01_03.csproj", "{A4263BEE-DFE5-4364-849E-D1C0A6D0C87C}"
EndProject
Global
	GlobalSection(SolutionConfigurationPlatforms) = preSolution
		Debug|Any CPU = Debug|Any CPU
		Release|Any CPU = Release|Any CPU
	EndGlobalSection
	GlobalSection(ProjectConfigurationPlatforms) = postSolution
		{A4263BEE-DFE5-4364-849E-D1C0A6D0C87C}.Debug|Any CPU.ActiveCfg = Debug|Any CPU
		{A4263BEE-DFE5-4364-849E-D1C0A6D0C87C}.Debug|Any CPU.Build.0 = Debug|Any CPU
		{A4263BEE-DFE5-4364-849E-D1C0A6D0C87C}.Release|Any CPU.ActiveCfg = Release|Any CPU
		{A4263BEE-DFE5-4364-849E-D1C0A6D0C87C}.Release|Any CPU.Build.0 = Release|Any CPU
	EndGlobalSection
	GlobalSection(SolutionProperties) = preSolution
		HideSolutionNode = FALSE
	EndGlobalSection
	GlobalSection(ExtensibilityGlobals) = postSolution
		SolutionGuid = {2AF1C677-3500-495E-8BB3-5AA9F7B9D35D}
	EndGlobalSection
EndGlobal
