
Microsoft Visual Studio Solution File, Format Version 12.00
# Visual Studio Version 17
VisualStudioVersion = 17.8.34408.163
MinimumVisualStudioVersion = 10.0.40219.1
Project("{FAE04EC0-301F-11D3-BF4B-00C04F79EFBC}") = "CalculateLetterGrade", "CalculateLetterGrade\CalculateLetterGrade.csproj", "{0A5585A1-4236-488D-B209-6BBA1B9D2095}"
EndProject
Global
	GlobalSection(SolutionConfigurationPlatforms) = preSolution
		Debug|Any CPU = Debug|Any CPU
		Release|Any CPU = Release|Any CPU
	EndGlobalSection
	GlobalSection(ProjectConfigurationPlatforms) = postSolution
		{0A5585A1-4236-488D-B209-6BBA1B9D2095}.Debug|Any CPU.ActiveCfg = Debug|Any CPU
		{0A5585A1-4236-488D-B209-6BBA1B9D2095}.Debug|Any CPU.Build.0 = Debug|Any CPU
		{0A5585A1-4236-488D-B209-6BBA1B9D2095}.Release|Any CPU.ActiveCfg = Release|Any CPU
		{0A5585A1-4236-488D-B209-6BBA1B9D2095}.Release|Any CPU.Build.0 = Release|Any CPU
	EndGlobalSection
	GlobalSection(SolutionProperties) = preSolution
		HideSolutionNode = FALSE
	EndGlobalSection
	GlobalSection(ExtensibilityGlobals) = postSolution
		SolutionGuid = {B6318CC6-B5D1-4C11-B8FE-869DFB0D4E7E}
	EndGlobalSection
EndGlobal
