
Microsoft Visual Studio Solution File, Format Version 12.00
# Visual Studio Version 17
VisualStudioVersion = 17.8.34408.163
MinimumVisualStudioVersion = 10.0.40219.1
Project("{FAE04EC0-301F-11D3-BF4B-00C04F79EFBC}") = "HW06_01", "HW06\HW06_01.csproj", "{95E49E34-86F7-4665-9603-D7FA71858293}"
EndProject
Project("{FAE04EC0-301F-11D3-BF4B-00C04F79EFBC}") = "HW06_02", "HW06_02\HW06_02.csproj", "{3E6FD61D-40BA-4615-B8BA-520B32297B55}"
EndProject
Global
	GlobalSection(SolutionConfigurationPlatforms) = preSolution
		Debug|Any CPU = Debug|Any CPU
		Release|Any CPU = Release|Any CPU
	EndGlobalSection
	GlobalSection(ProjectConfigurationPlatforms) = postSolution
		{95E49E34-86F7-4665-9603-D7FA71858293}.Debug|Any CPU.ActiveCfg = Debug|Any CPU
		{95E49E34-86F7-4665-9603-D7FA71858293}.Debug|Any CPU.Build.0 = Debug|Any CPU
		{95E49E34-86F7-4665-9603-D7FA71858293}.Release|Any CPU.ActiveCfg = Release|Any CPU
		{95E49E34-86F7-4665-9603-D7FA71858293}.Release|Any CPU.Build.0 = Release|Any CPU
		{3E6FD61D-40BA-4615-B8BA-520B32297B55}.Debug|Any CPU.ActiveCfg = Debug|Any CPU
		{3E6FD61D-40BA-4615-B8BA-520B32297B55}.Debug|Any CPU.Build.0 = Debug|Any CPU
		{3E6FD61D-40BA-4615-B8BA-520B32297B55}.Release|Any CPU.ActiveCfg = Release|Any CPU
		{3E6FD61D-40BA-4615-B8BA-520B32297B55}.Release|Any CPU.Build.0 = Release|Any CPU
	EndGlobalSection
	GlobalSection(SolutionProperties) = preSolution
		HideSolutionNode = FALSE
	EndGlobalSection
	GlobalSection(ExtensibilityGlobals) = postSolution
		SolutionGuid = {5DB173FA-1590-4AB8-94F5-F461DB10364A}
	EndGlobalSection
EndGlobal
